{
    "_readme": [
        "This file locks the dependencies of your project to a known state",
        "Read more about it at https://getcomposer.org/doc/01-basic-usage.md#composer-lock-the-lock-file",
        "This file is @generated automatically"
    ],
    "content-hash": "b82d443c9165cb5b82bfa82a758a68d7",
    "packages": [
        {
            "name": "ywb1995/composer",
            "version": "dev-master",
            "source": {
                "type": "git",
                "url": "https://github.com/ywb1995/composer.git",
                "reference": "c98d84e90dc3b1de34f6cad61d437f8e49f13100"
            },
            "dist": {
                "type": "zip",
                "url": "https://files.phpcomposer.com/files/ywb1995/composer/c98d84e90dc3b1de34f6cad61d437f8e49f13100.zip",
                "reference": "c98d84e90dc3b1de34f6cad61d437f8e49f13100",
                "shasum": ""
            },
            "type": "project",
            "notification-url": "https://packagist.org/downloads/",
            "license": [
                "mit"
            ],
            "authors": [
                {
                    "name": "ywb",
                    "email": "1540601646@qq.com"
                }
            ],
            "description": "test composer",
            "time": "2017-12-22T07:46:38+00:00"
        }
    ],
    "packages-dev": [],
    "aliases": [],
    "minimum-stability": "dev",
    "stability-flags": [],
    "prefer-stable": false,
    "prefer-lowest": false,
    "platform": [],
    "platform-dev": []
}
